
Microsoft Visual Studio Solution File, Format Version 12.00
# Visual Studio Version 17
VisualStudioVersion = 17.1.32210.238
MinimumVisualStudioVersion = 10.0.40219.1
Project("{8BC9CEB8-8B4A-11D0-8D11-00A0C91BC942}") = "MergeTrains", "MergeTrains\MergeTrains.vcxproj", "{6FF4C554-F07C-46A0-822F-94DF36B44874}"
EndProject
Project("{8BC9CEB8-8B4A-11D0-8D11-00A0C91BC942}") = "Brackets", "Brackets\Brackets.vcxproj", "{8D399B30-8561-402B-AAA3-FE4E6BF58680}"
EndProject
Project("{8BC9CEB8-8B4A-11D0-8D11-00A0C91BC942}") = "Pipes", "Pipes\Pipes.vcxproj", "{22DB8B0E-1A3C-4013-ACCA-3A7F3D9E17ED}"
EndProject
Project("{8BC9CEB8-8B4A-11D0-8D11-00A0C91BC942}") = "Bus", "Bus\Bus.vcxproj", "{14B8A487-5629-4479-B066-FE050F07F1D1}"
EndProject
Global
	GlobalSection(SolutionConfigurationPlatforms) = preSolution
		Debug|x64 = Debug|x64
		Debug|x86 = Debug|x86
		Release|x64 = Release|x64
		Release|x86 = Release|x86
	EndGlobalSection
	GlobalSection(ProjectConfigurationPlatforms) = postSolution
		{6FF4C554-F07C-46A0-822F-94DF36B44874}.Debug|x64.ActiveCfg = Debug|x64
		{6FF4C554-F07C-46A0-822F-94DF36B44874}.Debug|x64.Build.0 = Debug|x64
		{6FF4C554-F07C-46A0-822F-94DF36B44874}.Debug|x86.ActiveCfg = Debug|Win32
		{6FF4C554-F07C-46A0-822F-94DF36B44874}.Debug|x86.Build.0 = Debug|Win32
		{6FF4C554-F07C-46A0-822F-94DF36B44874}.Release|x64.ActiveCfg = Release|x64
		{6FF4C554-F07C-46A0-822F-94DF36B44874}.Release|x64.Build.0 = Release|x64
		{6FF4C554-F07C-46A0-822F-94DF36B44874}.Release|x86.ActiveCfg = Release|Win32
		{6FF4C554-F07C-46A0-822F-94DF36B44874}.Release|x86.Build.0 = Release|Win32
		{8D399B30-8561-402B-AAA3-FE4E6BF58680}.Debug|x64.ActiveCfg = Debug|x64
		{8D399B30-8561-402B-AAA3-FE4E6BF58680}.Debug|x64.Build.0 = Debug|x64
		{8D399B30-8561-402B-AAA3-FE4E6BF58680}.Debug|x86.ActiveCfg = Debug|Win32
		{8D399B30-8561-402B-AAA3-FE4E6BF58680}.Debug|x86.Build.0 = Debug|Win32
		{8D399B30-8561-402B-AAA3-FE4E6BF58680}.Release|x64.ActiveCfg = Release|x64
		{8D399B30-8561-402B-AAA3-FE4E6BF58680}.Release|x64.Build.0 = Release|x64
		{8D399B30-8561-402B-AAA3-FE4E6BF58680}.Release|x86.ActiveCfg = Release|Win32
		{8D399B30-8561-402B-AAA3-FE4E6BF58680}.Release|x86.Build.0 = Release|Win32
		{22DB8B0E-1A3C-4013-ACCA-3A7F3D9E17ED}.Debug|x64.ActiveCfg = Debug|x64
		{22DB8B0E-1A3C-4013-ACCA-3A7F3D9E17ED}.Debug|x64.Build.0 = Debug|x64
		{22DB8B0E-1A3C-4013-ACCA-3A7F3D9E17ED}.Debug|x86.ActiveCfg = Debug|Win32
		{22DB8B0E-1A3C-4013-ACCA-3A7F3D9E17ED}.Debug|x86.Build.0 = Debug|Win32
		{22DB8B0E-1A3C-4013-ACCA-3A7F3D9E17ED}.Release|x64.ActiveCfg = Release|x64
		{22DB8B0E-1A3C-4013-ACCA-3A7F3D9E17ED}.Release|x64.Build.0 = Release|x64
		{22DB8B0E-1A3C-4013-ACCA-3A7F3D9E17ED}.Release|x86.ActiveCfg = Release|Win32
		{22DB8B0E-1A3C-4013-ACCA-3A7F3D9E17ED}.Release|x86.Build.0 = Release|Win32
		{14B8A487-5629-4479-B066-FE050F07F1D1}.Debug|x64.ActiveCfg = Debug|x64
		{14B8A487-5629-4479-B066-FE050F07F1D1}.Debug|x64.Build.0 = Debug|x64
		{14B8A487-5629-4479-B066-FE050F07F1D1}.Debug|x86.ActiveCfg = Debug|Win32
		{14B8A487-5629-4479-B066-FE050F07F1D1}.Debug|x86.Build.0 = Debug|Win32
		{14B8A487-5629-4479-B066-FE050F07F1D1}.Release|x64.ActiveCfg = Release|x64
		{14B8A487-5629-4479-B066-FE050F07F1D1}.Release|x64.Build.0 = Release|x64
		{14B8A487-5629-4479-B066-FE050F07F1D1}.Release|x86.ActiveCfg = Release|Win32
		{14B8A487-5629-4479-B066-FE050F07F1D1}.Release|x86.Build.0 = Release|Win32
	EndGlobalSection
	GlobalSection(SolutionProperties) = preSolution
		HideSolutionNode = FALSE
	EndGlobalSection
	GlobalSection(ExtensibilityGlobals) = postSolution
		SolutionGuid = {68BA26B2-92A6-4339-80FE-C6079EE299EC}
	EndGlobalSection
EndGlobal
